// !$*UTF8*$!
{
	archiveVersion = 1;
	classes = {
	};
	objectVersion = 77;
	objects = {

/* Begin PBXContainerItemProxy section */
		F0BA1D482D5D0C62004113DD /* PBXContainerItemProxy */ = {
			isa = PBXContainerItemProxy;
			containerPortal = F0BA1D2F2D5D0C5F004113DD /* Project object */;
			proxyType = 1;
			remoteGlobalIDString = F0BA1D362D5D0C5F004113DD;
			remoteInfo = RailSync;
		};
		F0BA1D522D5D0C62004113DD /* PBXContainerItemProxy */ = {
			isa = PBXContainerItemProxy;
			containerPortal = F0BA1D2F2D5D0C5F004113DD /* Project object */;
			proxyType = 1;
			remoteGlobalIDString = F0BA1D362D5D0C5F004113DD;
			remoteInfo = RailSync;
		};
/* End PBXContainerItemProxy section */

/* Begin PBXFileReference section */
		F0BA1D372D5D0C5F004113DD /* RailSync.app */ = {isa = PBXFileReference; explicitFileType = wrapper.application; includeInIndex = 0; path = RailSync.app; sourceTree = BUILT_PRODUCTS_DIR; };
		F0BA1D472D5D0C62004113DD /* RailSyncTests.xctest */ = {isa = PBXFileReference; explicitFileType = wrapper.cfbundle; includeInIndex = 0; path = RailSyncTests.xctest; sourceTree = BUILT_PRODUCTS_DIR; };
		F0BA1D512D5D0C62004113DD /* RailSyncUITests.xctest */ = {isa = PBXFileReference; explicitFileType = wrapper.cfbundle; includeInIndex = 0; path = RailSyncUITests.xctest; sourceTree = BUILT_PRODUCTS_DIR; };
/* End PBXFileReference section */

/* Begin PBXFileSystemSynchronizedBuildFileExceptionSet section */
		F0BA1D8F2D5D1081004113DD /* Exceptions for "Tests" folder in "RailSyncTests" target */ = {
			isa = PBXFileSystemSynchronizedBuildFileExceptionSet;
			membershipExceptions = (
				RailSyncTests/RailSyncTests.swift,
			);
			target = F0BA1D462D5D0C62004113DD /* RailSyncTests */;
		};
		F0BA1D902D5D1081004113DD /* Exceptions for "Tests" folder in "RailSyncUITests" target */ = {
			isa = PBXFileSystemSynchronizedBuildFileExceptionSet;
			membershipExceptions = (
				RailSyncTests/RailSyncTests.swift,
			);
			target = F0BA1D502D5D0C62004113DD /* RailSyncUITests */;
		};
/* End PBXFileSystemSynchronizedBuildFileExceptionSet section */

/* Begin PBXFileSystemSynchronizedRootGroup section */
		F0BA1D392D5D0C5F004113DD /* RailSync */ = {
			isa = PBXFileSystemSynchronizedRootGroup;
			path = RailSync;
			sourceTree = "<group>";
		};
		F0BA1D8B2D5D107D004113DD /* Tests */ = {
			isa = PBXFileSystemSynchronizedRootGroup;
			exceptions = (
				F0BA1D8F2D5D1081004113DD /* Exceptions for "Tests" folder in "RailSyncTests" target */,
				F0BA1D902D5D1081004113DD /* Exceptions for "Tests" folder in "RailSyncUITests" target */,
			);
			path = Tests;
			sourceTree = "<group>";
		};
/* End PBXFileSystemSynchronizedRootGroup section */

/* Begin PBXFrameworksBuildPhase section */
		F0BA1D342D5D0C5F004113DD /* Frameworks */ = {
			isa = PBXFrameworksBuildPhase;
			buildActionMask = 2147483647;
			files = (
			);
			runOnlyForDeploymentPostprocessing = 0;
		};
		F0BA1D442D5D0C62004113DD /* Frameworks */ = {
			isa = PBXFrameworksBuildPhase;
			buildActionMask = 2147483647;
			files = (
			);
			runOnlyForDeploymentPostprocessing = 0;
		};
		F0BA1D4E2D5D0C62004113DD /* Frameworks */ = {
			isa = PBXFrameworksBuildPhase;
			buildActionMask = 2147483647;
			files = (
			);
			runOnlyForDeploymentPostprocessing = 0;
		};
/* End PBXFrameworksBuildPhase section */

/* Begin PBXGroup section */
		F0BA1D2E2D5D0C5F004113DD = {
			isa = PBXGroup;
			children = (
				F0BA1D392D5D0C5F004113DD /* RailSync */,
				F0BA1D8B2D5D107D004113DD /* Tests */,
				F0BA1D382D5D0C5F004113DD /* Products */,
			);
			sourceTree = "<group>";
		};
		F0BA1D382D5D0C5F004113DD /* Products */ = {
			isa = PBXGroup;
			children = (
				F0BA1D372D5D0C5F004113DD /* RailSync.app */,
				F0BA1D472D5D0C62004113DD /* RailSyncTests.xctest */,
				F0BA1D512D5D0C62004113DD /* RailSyncUITests.xctest */,
			);
			name = Products;
			sourceTree = "<group>";
		};
/* End PBXGroup section */

/* Begin PBXNativeTarget section */
		F0BA1D362D5D0C5F004113DD /* RailSync */ = {
			isa = PBXNativeTarget;
			buildConfigurationList = F0BA1D5B2D5D0C62004113DD /* Build configuration list for PBXNativeTarget "RailSync" */;
			buildPhases = (
				F0BA1D332D5D0C5F004113DD /* Sources */,
				F0BA1D342D5D0C5F004113DD /* Frameworks */,
				F0BA1D352D5D0C5F004113DD /* Resources */,
			);
			buildRules = (
			);
			dependencies = (
			);
			fileSystemSynchronizedGroups = (
				F0BA1D392D5D0C5F004113DD /* RailSync */,
			);
			name = RailSync;
			packageProductDependencies = (
			);
			productName = RailSync;
			productReference = F0BA1D372D5D0C5F004113DD /* RailSync.app */;
			productType = "com.apple.product-type.application";
		};
		F0BA1D462D5D0C62004113DD /* RailSyncTests */ = {
			isa = PBXNativeTarget;
			buildConfigurationList = F0BA1D5E2D5D0C62004113DD /* Build configuration list for PBXNativeTarget "RailSyncTests" */;
			buildPhases = (
				F0BA1D432D5D0C62004113DD /* Sources */,
				F0BA1D442D5D0C62004113DD /* Frameworks */,
				F0BA1D452D5D0C62004113DD /* Resources */,
			);
			buildRules = (
			);
			dependencies = (
				F0BA1D492D5D0C62004113DD /* PBXTargetDependency */,
			);
			name = RailSyncTests;
			packageProductDependencies = (
			);
			productName = RailSyncTests;
			productReference = F0BA1D472D5D0C62004113DD /* RailSyncTests.xctest */;
			productType = "com.apple.product-type.bundle.unit-test";
		};
		F0BA1D502D5D0C62004113DD /* RailSyncUITests */ = {
			isa = PBXNativeTarget;
			buildConfigurationList = F0BA1D612D5D0C62004113DD /* Build configuration list for PBXNativeTarget "RailSyncUITests" */;
			buildPhases = (
				F0BA1D4D2D5D0C62004113DD /* Sources */,
				F0BA1D4E2D5D0C62004113DD /* Frameworks */,
				F0BA1D4F2D5D0C62004113DD /* Resources */,
			);
			buildRules = (
			);
			dependencies = (
				F0BA1D532D5D0C62004113DD /* PBXTargetDependency */,
			);
			fileSystemSynchronizedGroups = (
				F0BA1D8B2D5D107D004113DD /* Tests */,
			);
			name = RailSyncUITests;
			packageProductDependencies = (
			);
			productName = RailSyncUITests;
			productReference = F0BA1D512D5D0C62004113DD /* RailSyncUITests.xctest */;
			productType = "com.apple.product-type.bundle.ui-testing";
		};
/* End PBXNativeTarget section */

/* Begin PBXProject section */
		F0BA1D2F2D5D0C5F004113DD /* Project object */ = {
			isa = PBXProject;
			attributes = {
				BuildIndependentTargetsInParallel = 1;
				LastSwiftUpdateCheck = 1620;
				LastUpgradeCheck = 1620;
				TargetAttributes = {
					F0BA1D362D5D0C5F004113DD = {
						CreatedOnToolsVersion = 16.2;
					};
					F0BA1D462D5D0C62004113DD = {
						CreatedOnToolsVersion = 16.2;
						TestTargetID = F0BA1D362D5D0C5F004113DD;
					};
					F0BA1D502D5D0C62004113DD = {
						CreatedOnToolsVersion = 16.2;
						TestTargetID = F0BA1D362D5D0C5F004113DD;
					};
				};
			};
			buildConfigurationList = F0BA1D322D5D0C5F004113DD /* Build configuration list for PBXProject "RailSync" */;
			developmentRegion = en;
			hasScannedForEncodings = 0;
			knownRegions = (
				en,
				Base,
			);
			mainGroup = F0BA1D2E2D5D0C5F004113DD;
			minimizedProjectReferenceProxies = 1;
			preferredProjectObjectVersion = 77;
			productRefGroup = F0BA1D382D5D0C5F004113DD /* Products */;
			projectDirPath = "";
			projectRoot = "";
			targets = (
				F0BA1D362D5D0C5F004113DD /* RailSync */,
				F0BA1D462D5D0C62004113DD /* RailSyncTests */,
				F0BA1D502D5D0C62004113DD /* RailSyncUITests */,
			);
		};
/* End PBXProject section */

/* Begin PBXResourcesBuildPhase section */
		F0BA1D352D5D0C5F004113DD /* Resources */ = {
			isa = PBXResourcesBuildPhase;
			buildActionMask = 2147483647;
			files = (
			);
			runOnlyForDeploymentPostprocessing = 0;
		};
		F0BA1D452D5D0C62004113DD /* Resources */ = {
			isa = PBXResourcesBuildPhase;
			buildActionMask = 2147483647;
			files = (
			);
			runOnlyForDeploymentPostprocessing = 0;
		};
		F0BA1D4F2D5D0C62004113DD /* Resources */ = {
			isa = PBXResourcesBuildPhase;
			buildActionMask = 2147483647;
			files = (
			);
			runOnlyForDeploymentPostprocessing = 0;
		};
/* End PBXResourcesBuildPhase section */

/* Begin PBXSourcesBuildPhase section */
		F0BA1D332D5D0C5F004113DD /* Sources */ = {
			isa = PBXSourcesBuildPhase;
			buildActionMask = 2147483647;
			files = (
			);
			runOnlyForDeploymentPostprocessing = 0;
		};
		F0BA1D432D5D0C62004113DD /* Sources */ = {
			isa = PBXSourcesBuildPhase;
			buildActionMask = 2147483647;
			files = (
			);
			runOnlyForDeploymentPostprocessing = 0;
		};
		F0BA1D4D2D5D0C62004113DD /* Sources */ = {
			isa = PBXSourcesBuildPhase;
			buildActionMask = 2147483647;
			files = (
			);
			runOnlyForDeploymentPostprocessing = 0;
		};
/* End PBXSourcesBuildPhase section */

/* Begin PBXTargetDependency section */
		F0BA1D492D5D0C62004113DD /* PBXTargetDependency */ = {
			isa = PBXTargetDependency;
			target = F0BA1D362D5D0C5F004113DD /* RailSync */;
			targetProxy = F0BA1D482D5D0C62004113DD /* PBXContainerItemProxy */;
		};
		F0BA1D532D5D0C62004113DD /* PBXTargetDependency */ = {
			isa = PBXTargetDependency;
			target = F0BA1D362D5D0C5F004113DD /* RailSync */;
			targetProxy = F0BA1D522D5D0C62004113DD /* PBXContainerItemProxy */;
		};
/* End PBXTargetDependency section */

/* Begin XCBuildConfiguration section */
		F0BA1D592D5D0C62004113DD /* Debug */ = {
			isa = XCBuildConfiguration;
			buildSettings = {
				ALWAYS_SEARCH_USER_PATHS = NO;
				ASSETCATALOG_COMPILER_GENERATE_SWIFT_ASSET_SYMBOL_EXTENSIONS = YES;
				CLANG_ANALYZER_NONNULL = YES;
				CLANG_ANALYZER_NUMBER_OBJECT_CONVERSION = YES_AGGRESSIVE;
				CLANG_CXX_LANGUAGE_STANDARD = "gnu++20";
				CLANG_ENABLE_MODULES = YES;
				CLANG_ENABLE_OBJC_ARC = YES;
				CLANG_ENABLE_OBJC_WEAK = YES;
				CLANG_WARN_BLOCK_CAPTURE_AUTORELEASING = YES;
				CLANG_WARN_BOOL_CONVERSION = YES;
				CLANG_WARN_COMMA = YES;
				CLANG_WARN_CONSTANT_CONVERSION = YES;
				CLANG_WARN_DEPRECATED_OBJC_IMPLEMENTATIONS = YES;
				CLANG_WARN_DIRECT_OBJC_ISA_USAGE = YES_ERROR;
				CLANG_WARN_DOCUMENTATION_COMMENTS = YES;
				CLANG_WARN_EMPTY_BODY = YES;
				CLANG_WARN_ENUM_CONVERSION = YES;
				CLANG_WARN_INFINITE_RECURSION = YES;
				CLANG_WARN_INT_CONVERSION = YES;
				CLANG_WARN_NON_LITERAL_NULL_CONVERSION = YES;
				CLANG_WARN_OBJC_IMPLICIT_RETAIN_SELF = YES;
				CLANG_WARN_OBJC_LITERAL_CONVERSION = YES;
				CLANG_WARN_OBJC_ROOT_CLASS = YES_ERROR;
				CLANG_WARN_QUOTED_INCLUDE_IN_FRAMEWORK_HEADER = YES;
				CLANG_WARN_RANGE_LOOP_ANALYSIS = YES;
				CLANG_WARN_STRICT_PROTOTYPES = YES;
				CLANG_WARN_SUSPICIOUS_MOVE = YES;
				CLANG_WARN_UNGUARDED_AVAILABILITY = YES_AGGRESSIVE;
				CLANG_WARN_UNREACHABLE_CODE = YES;
				CLANG_WARN__DUPLICATE_METHOD_MATCH = YES;
				COPY_PHASE_STRIP = NO;
				DEBUG_INFORMATION_FORMAT = dwarf;
				ENABLE_STRICT_OBJC_MSGSEND = YES;
				ENABLE_TESTABILITY = YES;
				ENABLE_USER_SCRIPT_SANDBOXING = YES;
				GCC_C_LANGUAGE_STANDARD = gnu17;
				GCC_DYNAMIC_NO_PIC = NO;
				GCC_NO_COMMON_BLOCKS = YES;
				GCC_OPTIMIZATION_LEVEL = 0;
				GCC_PREPROCESSOR_DEFINITIONS = (
					"DEBUG=1",
					"$(inherited)",
				);
				GCC_WARN_64_TO_32_BIT_CONVERSION = YES;
				GCC_WARN_ABOUT_RETURN_TYPE = YES_ERROR;
				GCC_WARN_UNDECLARED_SELECTOR = YES;
				GCC_WARN_UNINITIALIZED_AUTOS = YES_AGGRESSIVE;
				GCC_WARN_UNUSED_FUNCTION = YES;
				GCC_WARN_UNUSED_VARIABLE = YES;
				IPHONEOS_DEPLOYMENT_TARGET = 18.2;
				LOCALIZATION_PREFERS_STRING_CATALOGS = YES;
				MTL_ENABLE_DEBUG_INFO = INCLUDE_SOURCE;
				MTL_FAST_MATH = YES;
				ONLY_ACTIVE_ARCH = YES;
				SDKROOT = iphoneos;
				SWIFT_ACTIVE_COMPILATION_CONDITIONS = "DEBUG $(inherited)";
				SWIFT_OPTIMIZATION_LEVEL = "-Onone";
			};
			name = Debug;
		};
		F0BA1D5A2D5D0C62004113DD /* Release */ = {
			isa = XCBuildConfiguration;
			buildSettings = {
				ALWAYS_SEARCH_USER_PATHS = NO;
				ASSETCATALOG_COMPILER_GENERATE_SWIFT_ASSET_SYMBOL_EXTENSIONS = YES;
				CLANG_ANALYZER_NONNULL = YES;
				CLANG_ANALYZER_NUMBER_OBJECT_CONVERSION = YES_AGGRESSIVE;
				CLANG_CXX_LANGUAGE_STANDARD = "gnu++20";
				CLANG_ENABLE_MODULES = YES;
				CLANG_ENABLE_OBJC_ARC = YES;
				CLANG_ENABLE_OBJC_WEAK = YES;
				CLANG_WARN_BLOCK_CAPTURE_AUTORELEASING = YES;
				CLANG_WARN_BOOL_CONVERSION = YES;
				CLANG_WARN_COMMA = YES;
				CLANG_WARN_CONSTANT_CONVERSION = YES;
				CLANG_WARN_DEPRECATED_OBJC_IMPLEMENTATIONS = YES;
				CLANG_WARN_DIRECT_OBJC_ISA_USAGE = YES_ERROR;
				CLANG_WARN_DOCUMENTATION_COMMENTS = YES;
				CLANG_WARN_EMPTY_BODY = YES;
				CLANG_WARN_ENUM_CONVERSION = YES;
				CLANG_WARN_INFINITE_RECURSION = YES;
				CLANG_WARN_INT_CONVERSION = YES;
				CLANG_WARN_NON_LITERAL_NULL_CONVERSION = YES;
				CLANG_WARN_OBJC_IMPLICIT_RETAIN_SELF = YES;
				CLANG_WARN_OBJC_LITERAL_CONVERSION = YES;
				CLANG_WARN_OBJC_ROOT_CLASS = YES_ERROR;
				CLANG_WARN_QUOTED_INCLUDE_IN_FRAMEWORK_HEADER = YES;
				CLANG_WARN_RANGE_LOOP_ANALYSIS = YES;
				CLANG_WARN_STRICT_PROTOTYPES = YES;
				CLANG_WARN_SUSPICIOUS_MOVE = YES;
				CLANG_WARN_UNGUARDED_AVAILABILITY = YES_AGGRESSIVE;
				CLANG_WARN_UNREACHABLE_CODE = YES;
				CLANG_WARN__DUPLICATE_METHOD_MATCH = YES;
				COPY_PHASE_STRIP = NO;
				DEBUG_INFORMATION_FORMAT = "dwarf-with-dsym";
				ENABLE_NS_ASSERTIONS = NO;
				ENABLE_STRICT_OBJC_MSGSEND = YES;
				ENABLE_USER_SCRIPT_SANDBOXING = YES;
				GCC_C_LANGUAGE_STANDARD = gnu17;
				GCC_NO_COMMON_BLOCKS = YES;
				GCC_WARN_64_TO_32_BIT_CONVERSION = YES;
				GCC_WARN_ABOUT_RETURN_TYPE = YES_ERROR;
				GCC_WARN_UNDECLARED_SELECTOR = YES;
				GCC_WARN_UNINITIALIZED_AUTOS = YES_AGGRESSIVE;
				GCC_WARN_UNUSED_FUNCTION = YES;
				GCC_WARN_UNUSED_VARIABLE = YES;
				IPHONEOS_DEPLOYMENT_TARGET = 18.2;
				LOCALIZATION_PREFERS_STRING_CATALOGS = YES;
				MTL_ENABLE_DEBUG_INFO = NO;
				MTL_FAST_MATH = YES;
				SDKROOT = iphoneos;
				SWIFT_COMPILATION_MODE = wholemodule;
				VALIDATE_PRODUCT = YES;
			};
			name = Release;
		};
		F0BA1D5C2D5D0C62004113DD /* Debug */ = {
			isa = XCBuildConfiguration;
			buildSettings = {
				ASSETCATALOG_COMPILER_APPICON_NAME = AppIcon;
				ASSETCATALOG_COMPILER_GLOBAL_ACCENT_COLOR_NAME = AccentColor;
				CODE_SIGN_STYLE = Automatic;
				CURRENT_PROJECT_VERSION = 1;
				DEVELOPMENT_ASSET_PATHS = "\"RailSync/Preview Content\"";
				DEVELOPMENT_TEAM = WS96SS49XB;
				ENABLE_PREVIEWS = YES;
				GENERATE_INFOPLIST_FILE = YES;
				INFOPLIST_KEY_UIApplicationSceneManifest_Generation = YES;
				INFOPLIST_KEY_UIApplicationSupportsIndirectInputEvents = YES;
				INFOPLIST_KEY_UILaunchScreen_Generation = YES;
				INFOPLIST_KEY_UISupportedInterfaceOrientations_iPad = "UIInterfaceOrientationPortrait UIInterfaceOrientationPortraitUpsideDown UIInterfaceOrientationLandscapeLeft UIInterfaceOrientationLandscapeRight";
				INFOPLIST_KEY_UISupportedInterfaceOrientations_iPhone = "UIInterfaceOrientationPortrait UIInterfaceOrientationLandscapeLeft UIInterfaceOrientationLandscapeRight";
				LD_RUNPATH_SEARCH_PATHS = (
					"$(inherited)",
					"@executable_path/Frameworks",
				);
				MARKETING_VERSION = 1.0;
				PRODUCT_BUNDLE_IDENTIFIER = connerhaar.RailSync;
				PRODUCT_NAME = "$(TARGET_NAME)";
				SWIFT_EMIT_LOC_STRINGS = YES;
				SWIFT_VERSION = 5.0;
				TARGETED_DEVICE_FAMILY = "1,2";
			};
			name = Debug;
		};
		F0BA1D5D2D5D0C62004113DD /* Release */ = {
			isa = XCBuildConfiguration;
			buildSettings = {
				ASSETCATALOG_COMPILER_APPICON_NAME = AppIcon;
				ASSETCATALOG_COMPILER_GLOBAL_ACCENT_COLOR_NAME = AccentColor;
				CODE_SIGN_STYLE = Automatic;
				CURRENT_PROJECT_VERSION = 1;
				DEVELOPMENT_ASSET_PATHS = "\"RailSync/Preview Content\"";
				DEVELOPMENT_TEAM = WS96SS49XB;
				ENABLE_PREVIEWS = YES;
				GENERATE_INFOPLIST_FILE = YES;
				INFOPLIST_KEY_UIApplicationSceneManifest_Generation = YES;
				INFOPLIST_KEY_UIApplicationSupportsIndirectInputEvents = YES;
				INFOPLIST_KEY_UILaunchScreen_Generation = YES;
				INFOPLIST_KEY_UISupportedInterfaceOrientations_iPad = "UIInterfaceOrientationPortrait UIInterfaceOrientationPortraitUpsideDown UIInterfaceOrientationLandscapeLeft UIInterfaceOrientationLandscapeRight";
				INFOPLIST_KEY_UISupportedInterfaceOrientations_iPhone = "UIInterfaceOrientationPortrait UIInterfaceOrientationLandscapeLeft UIInterfaceOrientationLandscapeRight";
				LD_RUNPATH_SEARCH_PATHS = (
					"$(inherited)",
					"@executable_path/Frameworks",
				);
				MARKETING_VERSION = 1.0;
				PRODUCT_BUNDLE_IDENTIFIER = connerhaar.RailSync;
				PRODUCT_NAME = "$(TARGET_NAME)";
				SWIFT_EMIT_LOC_STRINGS = YES;
				SWIFT_VERSION = 5.0;
				TARGETED_DEVICE_FAMILY = "1,2";
			};
			name = Release;
		};
		F0BA1D5F2D5D0C62004113DD /* Debug */ = {
			isa = XCBuildConfiguration;
			buildSettings = {
				BUNDLE_LOADER = "$(TEST_HOST)";
				CODE_SIGN_STYLE = Automatic;
				CURRENT_PROJECT_VERSION = 1;
				DEVELOPMENT_TEAM = WS96SS49XB;
				GENERATE_INFOPLIST_FILE = YES;
				IPHONEOS_DEPLOYMENT_TARGET = 18.2;
				MARKETING_VERSION = 1.0;
				PRODUCT_BUNDLE_IDENTIFIER = connerhaar.RailSyncTests;
				PRODUCT_NAME = "$(TARGET_NAME)";
				SWIFT_EMIT_LOC_STRINGS = NO;
				SWIFT_VERSION = 5.0;
				TARGETED_DEVICE_FAMILY = "1,2";
				TEST_HOST = "$(BUILT_PRODUCTS_DIR)/RailSync.app/$(BUNDLE_EXECUTABLE_FOLDER_PATH)/RailSync";
			};
			name = Debug;
		};
		F0BA1D602D5D0C62004113DD /* Release */ = {
			isa = XCBuildConfiguration;
			buildSettings = {
				BUNDLE_LOADER = "$(TEST_HOST)";
				CODE_SIGN_STYLE = Automatic;
				CURRENT_PROJECT_VERSION = 1;
				DEVELOPMENT_TEAM = WS96SS49XB;
				GENERATE_INFOPLIST_FILE = YES;
				IPHONEOS_DEPLOYMENT_TARGET = 18.2;
				MARKETING_VERSION = 1.0;
				PRODUCT_BUNDLE_IDENTIFIER = connerhaar.RailSyncTests;
				PRODUCT_NAME = "$(TARGET_NAME)";
				SWIFT_EMIT_LOC_STRINGS = NO;
				SWIFT_VERSION = 5.0;
				TARGETED_DEVICE_FAMILY = "1,2";
				TEST_HOST = "$(BUILT_PRODUCTS_DIR)/RailSync.app/$(BUNDLE_EXECUTABLE_FOLDER_PATH)/RailSync";
			};
			name = Release;
		};
		F0BA1D622D5D0C62004113DD /* Debug */ = {
			isa = XCBuildConfiguration;
			buildSettings = {
				CODE_SIGN_STYLE = Automatic;
				CURRENT_PROJECT_VERSION = 1;
				DEVELOPMENT_TEAM = WS96SS49XB;
				GENERATE_INFOPLIST_FILE = YES;
				MARKETING_VERSION = 1.0;
				PRODUCT_BUNDLE_IDENTIFIER = connerhaar.RailSyncUITests;
				PRODUCT_NAME = "$(TARGET_NAME)";
				SWIFT_EMIT_LOC_STRINGS = NO;
				SWIFT_VERSION = 5.0;
				TARGETED_DEVICE_FAMILY = "1,2";
				TEST_TARGET_NAME = RailSync;
			};
			name = Debug;
		};
		F0BA1D632D5D0C62004113DD /* Release */ = {
			isa = XCBuildConfiguration;
			buildSettings = {
				CODE_SIGN_STYLE = Automatic;
				CURRENT_PROJECT_VERSION = 1;
				DEVELOPMENT_TEAM = WS96SS49XB;
				GENERATE_INFOPLIST_FILE = YES;
				MARKETING_VERSION = 1.0;
				PRODUCT_BUNDLE_IDENTIFIER = connerhaar.RailSyncUITests;
				PRODUCT_NAME = "$(TARGET_NAME)";
				SWIFT_EMIT_LOC_STRINGS = NO;
				SWIFT_VERSION = 5.0;
				TARGETED_DEVICE_FAMILY = "1,2";
				TEST_TARGET_NAME = RailSync;
			};
			name = Release;
		};
/* End XCBuildConfiguration section */

/* Begin XCConfigurationList section */
		F0BA1D322D5D0C5F004113DD /* Build configuration list for PBXProject "RailSync" */ = {
			isa = XCConfigurationList;
			buildConfigurations = (
				F0BA1D592D5D0C62004113DD /* Debug */,
				F0BA1D5A2D5D0C62004113DD /* Release */,
			);
			defaultConfigurationIsVisible = 0;
			defaultConfigurationName = Release;
		};
		F0BA1D5B2D5D0C62004113DD /* Build configuration list for PBXNativeTarget "RailSync" */ = {
			isa = XCConfigurationList;
			buildConfigurations = (
				F0BA1D5C2D5D0C62004113DD /* Debug */,
				F0BA1D5D2D5D0C62004113DD /* Release */,
			);
			defaultConfigurationIsVisible = 0;
			defaultConfigurationName = Release;
		};
		F0BA1D5E2D5D0C62004113DD /* Build configuration list for PBXNativeTarget "RailSyncTests" */ = {
			isa = XCConfigurationList;
			buildConfigurations = (
				F0BA1D5F2D5D0C62004113DD /* Debug */,
				F0BA1D602D5D0C62004113DD /* Release */,
			);
			defaultConfigurationIsVisible = 0;
			defaultConfigurationName = Release;
		};
		F0BA1D612D5D0C62004113DD /* Build configuration list for PBXNativeTarget "RailSyncUITests" */ = {
			isa = XCConfigurationList;
			buildConfigurations = (
				F0BA1D622D5D0C62004113DD /* Debug */,
				F0BA1D632D5D0C62004113DD /* Release */,
			);
			defaultConfigurationIsVisible = 0;
			defaultConfigurationName = Release;
		};
/* End XCConfigurationList section */
	};
	rootObject = F0BA1D2F2D5D0C5F004113DD /* Project object */;
}
